// !$*UTF8*$!
{
	archiveVersion = 1;
	classes = {
	};
	objectVersion = 46;
	objects = {

/* Begin PBXBuildFile section */
		3601DFFC1C5A7AA0001E527B /* Argo.framework in Frameworks */ = {isa = PBXBuildFile; fileRef = 3601DFF81C5A7AA0001E527B /* Argo.framework */; };
		3601DFFD1C5A7AA0001E527B /* Curry.framework in Frameworks */ = {isa = PBXBuildFile; fileRef = 3601DFF91C5A7AA0001E527B /* Curry.framework */; };
		3601DFFE1C5A7AA0001E527B /* Result.framework in Frameworks */ = {isa = PBXBuildFile; fileRef = 3601DFFA1C5A7AA0001E527B /* Result.framework */; };
		3601DFFF1C5A7AA0001E527B /* Swish.framework in Frameworks */ = {isa = PBXBuildFile; fileRef = 3601DFFB1C5A7AA0001E527B /* Swish.framework */; };
		3601E0021C5A7CFF001E527B /* Endpoints.swift in Sources */ = {isa = PBXBuildFile; fileRef = 3601E0011C5A7CFF001E527B /* Endpoints.swift */; };
		364C1AC01C5A862800F7F2FA /* RoomTableViewController.swift in Sources */ = {isa = PBXBuildFile; fileRef = 364C1ABF1C5A862800F7F2FA /* RoomTableViewController.swift */; };
		364C1AC21C5A86AB00F7F2FA /* PersistentStack.swift in Sources */ = {isa = PBXBuildFile; fileRef = 364C1AC11C5A86AB00F7F2FA /* PersistentStack.swift */; };
		364C1AC41C5A879E00F7F2FA /* Store.swift in Sources */ = {isa = PBXBuildFile; fileRef = 364C1AC31C5A879E00F7F2FA /* Store.swift */; };
		364C1AC81C5A886600F7F2FA /* Room.swift in Sources */ = {isa = PBXBuildFile; fileRef = 364C1AC61C5A886600F7F2FA /* Room.swift */; };
		364C1ACA1C5A99DC00F7F2FA /* RoomRequest.swift in Sources */ = {isa = PBXBuildFile; fileRef = 364C1AC91C5A99DC00F7F2FA /* RoomRequest.swift */; };
		369DC1011C5A788D00C05079 /* AppDelegate.swift in Sources */ = {isa = PBXBuildFile; fileRef = 369DC1001C5A788D00C05079 /* AppDelegate.swift */; };
		369DC1061C5A788D00C05079 /* Main.storyboard in Resources */ = {isa = PBXBuildFile; fileRef = 369DC1041C5A788D00C05079 /* Main.storyboard */; };
		369DC1091C5A788D00C05079 /* GitterViewer.xcdatamodeld in Sources */ = {isa = PBXBuildFile; fileRef = 369DC1071C5A788D00C05079 /* GitterViewer.xcdatamodeld */; };
		369DC10B1C5A788D00C05079 /* Assets.xcassets in Resources */ = {isa = PBXBuildFile; fileRef = 369DC10A1C5A788D00C05079 /* Assets.xcassets */; };
		369DC10E1C5A788D00C05079 /* LaunchScreen.storyboard in Resources */ = {isa = PBXBuildFile; fileRef = 369DC10C1C5A788D00C05079 /* LaunchScreen.storyboard */; };
		369DC1191C5A788D00C05079 /* GitterViewerTests.swift in Sources */ = {isa = PBXBuildFile; fileRef = 369DC1181C5A788D00C05079 /* GitterViewerTests.swift */; };
		36E2049A1C5AB82300E1B928 /* GitterRequest.swift in Sources */ = {isa = PBXBuildFile; fileRef = 36E204991C5AB82300E1B928 /* GitterRequest.swift */; };
/* End PBXBuildFile section */

/* Begin PBXContainerItemProxy section */
		369DC1151C5A788D00C05079 /* PBXContainerItemProxy */ = {
			isa = PBXContainerItemProxy;
			containerPortal = 369DC0F51C5A788D00C05079 /* Project object */;
			proxyType = 1;
			remoteGlobalIDString = 369DC0FC1C5A788D00C05079;
			remoteInfo = GitterViewer;
		};
/* End PBXContainerItemProxy section */

/* Begin PBXFileReference section */
		3601DFF81C5A7AA0001E527B /* Argo.framework */ = {isa = PBXFileReference; lastKnownFileType = wrapper.framework; name = Argo.framework; path = Carthage/Build/iOS/Argo.framework; sourceTree = "<group>"; };
		3601DFF91C5A7AA0001E527B /* Curry.framework */ = {isa = PBXFileReference; lastKnownFileType = wrapper.framework; name = Curry.framework; path = Carthage/Build/iOS/Curry.framework; sourceTree = "<group>"; };
		3601DFFA1C5A7AA0001E527B /* Result.framework */ = {isa = PBXFileReference; lastKnownFileType = wrapper.framework; name = Result.framework; path = Carthage/Build/iOS/Result.framework; sourceTree = "<group>"; };
		3601DFFB1C5A7AA0001E527B /* Swish.framework */ = {isa = PBXFileReference; lastKnownFileType = wrapper.framework; name = Swish.framework; path = Carthage/Build/iOS/Swish.framework; sourceTree = "<group>"; };
		3601E0011C5A7CFF001E527B /* Endpoints.swift */ = {isa = PBXFileReference; fileEncoding = 4; lastKnownFileType = sourcecode.swift; path = Endpoints.swift; sourceTree = "<group>"; };
		364C1ABF1C5A862800F7F2FA /* RoomTableViewController.swift */ = {isa = PBXFileReference; fileEncoding = 4; lastKnownFileType = sourcecode.swift; path = RoomTableViewController.swift; sourceTree = "<group>"; };
		364C1AC11C5A86AB00F7F2FA /* PersistentStack.swift */ = {isa = PBXFileReference; fileEncoding = 4; lastKnownFileType = sourcecode.swift; path = PersistentStack.swift; sourceTree = "<group>"; };
		364C1AC31C5A879E00F7F2FA /* Store.swift */ = {isa = PBXFileReference; fileEncoding = 4; lastKnownFileType = sourcecode.swift; path = Store.swift; sourceTree = "<group>"; };
		364C1AC61C5A886600F7F2FA /* Room.swift */ = {isa = PBXFileReference; fileEncoding = 4; lastKnownFileType = sourcecode.swift; path = Room.swift; sourceTree = "<group>"; };
		364C1AC91C5A99DC00F7F2FA /* RoomRequest.swift */ = {isa = PBXFileReference; fileEncoding = 4; lastKnownFileType = sourcecode.swift; path = RoomRequest.swift; sourceTree = "<group>"; };
		369DC0FD1C5A788D00C05079 /* GitterViewer.app */ = {isa = PBXFileReference; explicitFileType = wrapper.application; includeInIndex = 0; path = GitterViewer.app; sourceTree = BUILT_PRODUCTS_DIR; };
		369DC1001C5A788D00C05079 /* AppDelegate.swift */ = {isa = PBXFileReference; lastKnownFileType = sourcecode.swift; path = AppDelegate.swift; sourceTree = "<group>"; };
		369DC1051C5A788D00C05079 /* Base */ = {isa = PBXFileReference; lastKnownFileType = file.storyboard; name = Base; path = Base.lproj/Main.storyboard; sourceTree = "<group>"; };
		369DC1081C5A788D00C05079 /* GitterViewer.xcdatamodel */ = {isa = PBXFileReference; lastKnownFileType = wrapper.xcdatamodel; path = GitterViewer.xcdatamodel; sourceTree = "<group>"; };
		369DC10A1C5A788D00C05079 /* Assets.xcassets */ = {isa = PBXFileReference; lastKnownFileType = folder.assetcatalog; path = Assets.xcassets; sourceTree = "<group>"; };
		369DC10D1C5A788D00C05079 /* Base */ = {isa = PBXFileReference; lastKnownFileType = file.storyboard; name = Base; path = Base.lproj/LaunchScreen.storyboard; sourceTree = "<group>"; };
		369DC10F1C5A788D00C05079 /* Info.plist */ = {isa = PBXFileReference; lastKnownFileType = text.plist.xml; path = Info.plist; sourceTree = "<group>"; };
		369DC1141C5A788D00C05079 /* GitterViewerTests.xctest */ = {isa = PBXFileReference; explicitFileType = wrapper.cfbundle; includeInIndex = 0; path = GitterViewerTests.xctest; sourceTree = BUILT_PRODUCTS_DIR; };
		369DC1181C5A788D00C05079 /* GitterViewerTests.swift */ = {isa = PBXFileReference; lastKnownFileType = sourcecode.swift; path = GitterViewerTests.swift; sourceTree = "<group>"; };
		369DC11A1C5A788D00C05079 /* Info.plist */ = {isa = PBXFileReference; lastKnownFileType = text.plist.xml; path = Info.plist; sourceTree = "<group>"; };
		36E204991C5AB82300E1B928 /* GitterRequest.swift */ = {isa = PBXFileReference; fileEncoding = 4; lastKnownFileType = sourcecode.swift; path = GitterRequest.swift; sourceTree = "<group>"; };
/* End PBXFileReference section */

/* Begin PBXFrameworksBuildPhase section */
		369DC0FA1C5A788D00C05079 /* Frameworks */ = {
			isa = PBXFrameworksBuildPhase;
			buildActionMask = 2147483647;
			files = (
				3601DFFC1C5A7AA0001E527B /* Argo.framework in Frameworks */,
				3601DFFD1C5A7AA0001E527B /* Curry.framework in Frameworks */,
				3601DFFE1C5A7AA0001E527B /* Result.framework in Frameworks */,
				3601DFFF1C5A7AA0001E527B /* Swish.framework in Frameworks */,
			);
			runOnlyForDeploymentPostprocessing = 0;
		};
		369DC1111C5A788D00C05079 /* Frameworks */ = {
			isa = PBXFrameworksBuildPhase;
			buildActionMask = 2147483647;
			files = (
			);
			runOnlyForDeploymentPostprocessing = 0;
		};
/* End PBXFrameworksBuildPhase section */

/* Begin PBXGroup section */
		3601DFF71C5A7A8E001E527B /* Frameworks */ = {
			isa = PBXGroup;
			children = (
				3601DFF81C5A7AA0001E527B /* Argo.framework */,
				3601DFF91C5A7AA0001E527B /* Curry.framework */,
				3601DFFA1C5A7AA0001E527B /* Result.framework */,
				3601DFFB1C5A7AA0001E527B /* Swish.framework */,
			);
			name = Frameworks;
			sourceTree = "<group>";
		};
		369DC0F41C5A788D00C05079 = {
			isa = PBXGroup;
			children = (
				3601DFF71C5A7A8E001E527B /* Frameworks */,
				369DC0FF1C5A788D00C05079 /* GitterViewer */,
				369DC1171C5A788D00C05079 /* GitterViewerTests */,
				369DC0FE1C5A788D00C05079 /* Products */,
			);
			sourceTree = "<group>";
		};
		369DC0FE1C5A788D00C05079 /* Products */ = {
			isa = PBXGroup;
			children = (
				369DC0FD1C5A788D00C05079 /* GitterViewer.app */,
				369DC1141C5A788D00C05079 /* GitterViewerTests.xctest */,
			);
			name = Products;
			sourceTree = "<group>";
		};
		369DC0FF1C5A788D00C05079 /* GitterViewer */ = {
			isa = PBXGroup;
			children = (
				369DC1001C5A788D00C05079 /* AppDelegate.swift */,
				369DC1041C5A788D00C05079 /* Main.storyboard */,
				369DC10A1C5A788D00C05079 /* Assets.xcassets */,
				369DC10C1C5A788D00C05079 /* LaunchScreen.storyboard */,
				369DC10F1C5A788D00C05079 /* Info.plist */,
				369DC1071C5A788D00C05079 /* GitterViewer.xcdatamodeld */,
				3601E0011C5A7CFF001E527B /* Endpoints.swift */,
				36E204991C5AB82300E1B928 /* GitterRequest.swift */,
				364C1AC61C5A886600F7F2FA /* Room.swift */,
				364C1AC91C5A99DC00F7F2FA /* RoomRequest.swift */,
				364C1ABF1C5A862800F7F2FA /* RoomTableViewController.swift */,
				364C1AC11C5A86AB00F7F2FA /* PersistentStack.swift */,
				364C1AC31C5A879E00F7F2FA /* Store.swift */,
			);
			path = GitterViewer;
			sourceTree = "<group>";
		};
		369DC1171C5A788D00C05079 /* GitterViewerTests */ = {
			isa = PBXGroup;
			children = (
				369DC1181C5A788D00C05079 /* GitterViewerTests.swift */,
				369DC11A1C5A788D00C05079 /* Info.plist */,
			);
			path = GitterViewerTests;
			sourceTree = "<group>";
		};
/* End PBXGroup section */

/* Begin PBXNativeTarget section */
		369DC0FC1C5A788D00C05079 /* GitterViewer */ = {
			isa = PBXNativeTarget;
			buildConfigurationList = 369DC11D1C5A788D00C05079 /* Build configuration list for PBXNativeTarget "GitterViewer" */;
			buildPhases = (
				369DC0F91C5A788D00C05079 /* Sources */,
				369DC0FA1C5A788D00C05079 /* Frameworks */,
				369DC0FB1C5A788D00C05079 /* Resources */,
				3601E0001C5A7AA5001E527B /* ShellScript */,
			);
			buildRules = (
			);
			dependencies = (
			);
			name = GitterViewer;
			productName = GitterViewer;
			productReference = 369DC0FD1C5A788D00C05079 /* GitterViewer.app */;
			productType = "com.apple.product-type.application";
		};
		369DC1131C5A788D00C05079 /* GitterViewerTests */ = {
			isa = PBXNativeTarget;
			buildConfigurationList = 369DC1201C5A788D00C05079 /* Build configuration list for PBXNativeTarget "GitterViewerTests" */;
			buildPhases = (
				369DC1101C5A788D00C05079 /* Sources */,
				369DC1111C5A788D00C05079 /* Frameworks */,
				369DC1121C5A788D00C05079 /* Resources */,
			);
			buildRules = (
			);
			dependencies = (
				369DC1161C5A788D00C05079 /* PBXTargetDependency */,
			);
			name = GitterViewerTests;
			productName = GitterViewerTests;
			productReference = 369DC1141C5A788D00C05079 /* GitterViewerTests.xctest */;
			productType = "com.apple.product-type.bundle.unit-test";
		};
/* End PBXNativeTarget section */

/* Begin PBXProject section */
		369DC0F51C5A788D00C05079 /* Project object */ = {
			isa = PBXProject;
			attributes = {
				LastSwiftUpdateCheck = 0720;
				LastUpgradeCheck = 0720;
				ORGANIZATIONNAME = "Alexis Digital";
				TargetAttributes = {
					369DC0FC1C5A788D00C05079 = {
						CreatedOnToolsVersion = 7.2;
					};
					369DC1131C5A788D00C05079 = {
						CreatedOnToolsVersion = 7.2;
						TestTargetID = 369DC0FC1C5A788D00C05079;
					};
				};
			};
			buildConfigurationList = 369DC0F81C5A788D00C05079 /* Build configuration list for PBXProject "GitterViewer" */;
			compatibilityVersion = "Xcode 3.2";
			developmentRegion = English;
			hasScannedForEncodings = 0;
			knownRegions = (
				en,
				Base,
			);
			mainGroup = 369DC0F41C5A788D00C05079;
			productRefGroup = 369DC0FE1C5A788D00C05079 /* Products */;
			projectDirPath = "";
			projectRoot = "";
			targets = (
				369DC0FC1C5A788D00C05079 /* GitterViewer */,
				369DC1131C5A788D00C05079 /* GitterViewerTests */,
			);
		};
/* End PBXProject section */

/* Begin PBXResourcesBuildPhase section */
		369DC0FB1C5A788D00C05079 /* Resources */ = {
			isa = PBXResourcesBuildPhase;
			buildActionMask = 2147483647;
			files = (
				369DC10E1C5A788D00C05079 /* LaunchScreen.storyboard in Resources */,
				369DC10B1C5A788D00C05079 /* Assets.xcassets in Resources */,
				369DC1061C5A788D00C05079 /* Main.storyboard in Resources */,
			);
			runOnlyForDeploymentPostprocessing = 0;
		};
		369DC1121C5A788D00C05079 /* Resources */ = {
			isa = PBXResourcesBuildPhase;
			buildActionMask = 2147483647;
			files = (
			);
			runOnlyForDeploymentPostprocessing = 0;
		};
/* End PBXResourcesBuildPhase section */

/* Begin PBXShellScriptBuildPhase section */
		3601E0001C5A7AA5001E527B /* ShellScript */ = {
			isa = PBXShellScriptBuildPhase;
			buildActionMask = 2147483647;
			files = (
			);
			inputPaths = (
				"$(SRCROOT)/Carthage/Build/iOS/Result.framework",
				"$(SRCROOT)/Carthage/Build/iOS/Curry.framework",
				"$(SRCROOT)/Carthage/Build/iOS/Argo.framework",
				"$(SRCROOT)/Carthage/Build/iOS/Swish.framework",
			);
			outputPaths = (
			);
			runOnlyForDeploymentPostprocessing = 0;
			shellPath = /bin/sh;
			shellScript = "/usr/local/bin/carthage copy-frameworks";
		};
/* End PBXShellScriptBuildPhase section */

/* Begin PBXSourcesBuildPhase section */
		369DC0F91C5A788D00C05079 /* Sources */ = {
			isa = PBXSourcesBuildPhase;
			buildActionMask = 2147483647;
			files = (
				364C1AC01C5A862800F7F2FA /* RoomTableViewController.swift in Sources */,
				36E2049A1C5AB82300E1B928 /* GitterRequest.swift in Sources */,
				364C1AC81C5A886600F7F2FA /* Room.swift in Sources */,
				364C1ACA1C5A99DC00F7F2FA /* RoomRequest.swift in Sources */,
				369DC1091C5A788D00C05079 /* GitterViewer.xcdatamodeld in Sources */,
				364C1AC21C5A86AB00F7F2FA /* PersistentStack.swift in Sources */,
				364C1AC41C5A879E00F7F2FA /* Store.swift in Sources */,
				3601E0021C5A7CFF001E527B /* Endpoints.swift in Sources */,
				369DC1011C5A788D00C05079 /* AppDelegate.swift in Sources */,
			);
			runOnlyForDeploymentPostprocessing = 0;
		};
		369DC1101C5A788D00C05079 /* Sources */ = {
			isa = PBXSourcesBuildPhase;
			buildActionMask = 2147483647;
			files = (
				369DC1191C5A788D00C05079 /* GitterViewerTests.swift in Sources */,
			);
			runOnlyForDeploymentPostprocessing = 0;
		};
/* End PBXSourcesBuildPhase section */

/* Begin PBXTargetDependency section */
		369DC1161C5A788D00C05079 /* PBXTargetDependency */ = {
			isa = PBXTargetDependency;
			target = 369DC0FC1C5A788D00C05079 /* GitterViewer */;
			targetProxy = 369DC1151C5A788D00C05079 /* PBXContainerItemProxy */;
		};
/* End PBXTargetDependency section */

/* Begin PBXVariantGroup section */
		369DC1041C5A788D00C05079 /* Main.storyboard */ = {
			isa = PBXVariantGroup;
			children = (
				369DC1051C5A788D00C05079 /* Base */,
			);
			name = Main.storyboard;
			sourceTree = "<group>";
		};
		369DC10C1C5A788D00C05079 /* LaunchScreen.storyboard */ = {
			isa = PBXVariantGroup;
			children = (
				369DC10D1C5A788D00C05079 /* Base */,
			);
			name = LaunchScreen.storyboard;
			sourceTree = "<group>";
		};
/* End PBXVariantGroup section */

/* Begin XCBuildConfiguration section */
		369DC11B1C5A788D00C05079 /* Debug */ = {
			isa = XCBuildConfiguration;
			buildSettings = {
				ALWAYS_SEARCH_USER_PATHS = NO;
				CLANG_ANALYZER_SECURITY_INSECUREAPI_RAND = YES;
				CLANG_ANALYZER_SECURITY_INSECUREAPI_STRCPY = YES;
				CLANG_CXX_LANGUAGE_STANDARD = "gnu++0x";
				CLANG_CXX_LIBRARY = "libc++";
				CLANG_ENABLE_MODULES = YES;
				CLANG_ENABLE_OBJC_ARC = YES;
				CLANG_WARN_ASSIGN_ENUM = YES;
				CLANG_WARN_BOOL_CONVERSION = YES;
				CLANG_WARN_CONSTANT_CONVERSION = YES;
				CLANG_WARN_DEPRECATED_OBJC_IMPLEMENTATIONS = YES;
				CLANG_WARN_DIRECT_OBJC_ISA_USAGE = YES_ERROR;
				CLANG_WARN_DOCUMENTATION_COMMENTS = YES;
				CLANG_WARN_EMPTY_BODY = YES;
				CLANG_WARN_ENUM_CONVERSION = YES;
				CLANG_WARN_IMPLICIT_SIGN_CONVERSION = YES;
				CLANG_WARN_INT_CONVERSION = YES;
				CLANG_WARN_NULLABLE_TO_NONNULL_CONVERSION = YES;
				CLANG_WARN_OBJC_IMPLICIT_ATOMIC_PROPERTIES = YES;
				CLANG_WARN_OBJC_MISSING_PROPERTY_SYNTHESIS = NO;
				CLANG_WARN_OBJC_ROOT_CLASS = YES_ERROR;
				CLANG_WARN_SUSPICIOUS_IMPLICIT_CONVERSION = YES;
				CLANG_WARN_UNREACHABLE_CODE = YES;
				CLANG_WARN__DUPLICATE_METHOD_MATCH = YES;
				"CODE_SIGN_IDENTITY[sdk=iphoneos*]" = "iPhone Developer";
				COPY_PHASE_STRIP = NO;
				DEBUG_INFORMATION_FORMAT = dwarf;
				ENABLE_STRICT_OBJC_MSGSEND = YES;
				ENABLE_TESTABILITY = YES;
				GCC_C_LANGUAGE_STANDARD = gnu99;
				GCC_DYNAMIC_NO_PIC = NO;
				GCC_NO_COMMON_BLOCKS = YES;
				GCC_OPTIMIZATION_LEVEL = 0;
				GCC_PREPROCESSOR_DEFINITIONS = (
					"DEBUG=1",
					"$(inherited)",
				);
				GCC_TREAT_IMPLICIT_FUNCTION_DECLARATIONS_AS_ERRORS = YES;
				GCC_TREAT_INCOMPATIBLE_POINTER_TYPE_WARNINGS_AS_ERRORS = YES;
				GCC_TREAT_WARNINGS_AS_ERRORS = YES;
				GCC_WARN_64_TO_32_BIT_CONVERSION = YES;
				GCC_WARN_ABOUT_MISSING_FIELD_INITIALIZERS = YES;
				GCC_WARN_ABOUT_MISSING_NEWLINE = YES;
				GCC_WARN_ABOUT_MISSING_PROTOTYPES = YES;
				GCC_WARN_ABOUT_RETURN_TYPE = YES_ERROR;
				GCC_WARN_FOUR_CHARACTER_CONSTANTS = YES;
				GCC_WARN_INITIALIZER_NOT_FULLY_BRACKETED = YES;
				GCC_WARN_PEDANTIC = YES;
				GCC_WARN_SHADOW = YES;
				GCC_WARN_SIGN_COMPARE = YES;
				GCC_WARN_STRICT_SELECTOR_MATCH = YES;
				GCC_WARN_UNDECLARED_SELECTOR = YES;
				GCC_WARN_UNINITIALIZED_AUTOS = YES_AGGRESSIVE;
				GCC_WARN_UNKNOWN_PRAGMAS = YES;
				GCC_WARN_UNUSED_FUNCTION = YES;
				GCC_WARN_UNUSED_LABEL = YES;
				GCC_WARN_UNUSED_PARAMETER = YES;
				GCC_WARN_UNUSED_VARIABLE = YES;
				IPHONEOS_DEPLOYMENT_TARGET = 9.2;
				MTL_ENABLE_DEBUG_INFO = YES;
				ONLY_ACTIVE_ARCH = YES;
				SDKROOT = iphoneos;
				SWIFT_OPTIMIZATION_LEVEL = "-Onone";
				TARGETED_DEVICE_FAMILY = "1,2";
			};
			name = Debug;
		};
		369DC11C1C5A788D00C05079 /* Release */ = {
			isa = XCBuildConfiguration;
			buildSettings = {
				ALWAYS_SEARCH_USER_PATHS = NO;
				CLANG_ANALYZER_SECURITY_INSECUREAPI_RAND = YES;
				CLANG_ANALYZER_SECURITY_INSECUREAPI_STRCPY = YES;
				CLANG_CXX_LANGUAGE_STANDARD = "gnu++0x";
				CLANG_CXX_LIBRARY = "libc++";
				CLANG_ENABLE_MODULES = YES;
				CLANG_ENABLE_OBJC_ARC = YES;
				CLANG_WARN_ASSIGN_ENUM = YES;
				CLANG_WARN_BOOL_CONVERSION = YES;
				CLANG_WARN_CONSTANT_CONVERSION = YES;
				CLANG_WARN_DEPRECATED_OBJC_IMPLEMENTATIONS = YES;
				CLANG_WARN_DIRECT_OBJC_ISA_USAGE = YES_ERROR;
				CLANG_WARN_DOCUMENTATION_COMMENTS = YES;
				CLANG_WARN_EMPTY_BODY = YES;
				CLANG_WARN_ENUM_CONVERSION = YES;
				CLANG_WARN_IMPLICIT_SIGN_CONVERSION = YES;
				CLANG_WARN_INT_CONVERSION = YES;
				CLANG_WARN_NULLABLE_TO_NONNULL_CONVERSION = YES;
				CLANG_WARN_OBJC_IMPLICIT_ATOMIC_PROPERTIES = YES;
				CLANG_WARN_OBJC_MISSING_PROPERTY_SYNTHESIS = NO;
				CLANG_WARN_OBJC_ROOT_CLASS = YES_ERROR;
				CLANG_WARN_SUSPICIOUS_IMPLICIT_CONVERSION = YES;
				CLANG_WARN_UNREACHABLE_CODE = YES;
				CLANG_WARN__DUPLICATE_METHOD_MATCH = YES;
				"CODE_SIGN_IDENTITY[sdk=iphoneos*]" = "iPhone Developer";
				COPY_PHASE_STRIP = NO;
				DEBUG_INFORMATION_FORMAT = "dwarf-with-dsym";
				ENABLE_NS_ASSERTIONS = NO;
				ENABLE_STRICT_OBJC_MSGSEND = YES;
				GCC_C_LANGUAGE_STANDARD = gnu99;
				GCC_NO_COMMON_BLOCKS = YES;
				GCC_TREAT_IMPLICIT_FUNCTION_DECLARATIONS_AS_ERRORS = YES;
				GCC_TREAT_INCOMPATIBLE_POINTER_TYPE_WARNINGS_AS_ERRORS = YES;
				GCC_TREAT_WARNINGS_AS_ERRORS = YES;
				GCC_WARN_64_TO_32_BIT_CONVERSION = YES;
				GCC_WARN_ABOUT_MISSING_FIELD_INITIALIZERS = YES;
				GCC_WARN_ABOUT_MISSING_NEWLINE = YES;
				GCC_WARN_ABOUT_MISSING_PROTOTYPES = YES;
				GCC_WARN_ABOUT_RETURN_TYPE = YES_ERROR;
				GCC_WARN_FOUR_CHARACTER_CONSTANTS = YES;
				GCC_WARN_INITIALIZER_NOT_FULLY_BRACKETED = YES;
				GCC_WARN_PEDANTIC = YES;
				GCC_WARN_SHADOW = YES;
				GCC_WARN_SIGN_COMPARE = YES;
				GCC_WARN_STRICT_SELECTOR_MATCH = YES;
				GCC_WARN_UNDECLARED_SELECTOR = YES;
				GCC_WARN_UNINITIALIZED_AUTOS = YES_AGGRESSIVE;
				GCC_WARN_UNKNOWN_PRAGMAS = YES;
				GCC_WARN_UNUSED_FUNCTION = YES;
				GCC_WARN_UNUSED_LABEL = YES;
				GCC_WARN_UNUSED_PARAMETER = YES;
				GCC_WARN_UNUSED_VARIABLE = YES;
				IPHONEOS_DEPLOYMENT_TARGET = 9.2;
				MTL_ENABLE_DEBUG_INFO = NO;
				SDKROOT = iphoneos;
				TARGETED_DEVICE_FAMILY = "1,2";
				VALIDATE_PRODUCT = YES;
			};
			name = Release;
		};
		369DC11E1C5A788D00C05079 /* Debug */ = {
			isa = XCBuildConfiguration;
			buildSettings = {
				ASSETCATALOG_COMPILER_APPICON_NAME = AppIcon;
				CLANG_ANALYZER_SECURITY_INSECUREAPI_STRCPY = YES;
				FRAMEWORK_SEARCH_PATHS = (
					"$(inherited)",
					"$(PROJECT_DIR)/Carthage/Build/iOS",
				);
				INFOPLIST_FILE = GitterViewer/Info.plist;
				IPHONEOS_DEPLOYMENT_TARGET = 9.2;
				LD_RUNPATH_SEARCH_PATHS = "$(inherited) @executable_path/Frameworks";
				PRODUCT_BUNDLE_IDENTIFIER = com.alexisdigital.GitterViewer;
				PRODUCT_NAME = "$(TARGET_NAME)";
			};
			name = Debug;
		};
		369DC11F1C5A788D00C05079 /* Release */ = {
			isa = XCBuildConfiguration;
			buildSettings = {
				ASSETCATALOG_COMPILER_APPICON_NAME = AppIcon;
				CLANG_ANALYZER_SECURITY_INSECUREAPI_STRCPY = YES;
				FRAMEWORK_SEARCH_PATHS = (
					"$(inherited)",
					"$(PROJECT_DIR)/Carthage/Build/iOS",
				);
				INFOPLIST_FILE = GitterViewer/Info.plist;
				IPHONEOS_DEPLOYMENT_TARGET = 9.2;
				LD_RUNPATH_SEARCH_PATHS = "$(inherited) @executable_path/Frameworks";
				PRODUCT_BUNDLE_IDENTIFIER = com.alexisdigital.GitterViewer;
				PRODUCT_NAME = "$(TARGET_NAME)";
			};
			name = Release;
		};
		369DC1211C5A788D00C05079 /* Debug */ = {
			isa = XCBuildConfiguration;
			buildSettings = {
				BUNDLE_LOADER = "$(TEST_HOST)";
				INFOPLIST_FILE = GitterViewerTests/Info.plist;
				LD_RUNPATH_SEARCH_PATHS = "$(inherited) @executable_path/Frameworks @loader_path/Frameworks";
				PRODUCT_BUNDLE_IDENTIFIER = com.alexisdigital.GitterViewerTests;
				PRODUCT_NAME = "$(TARGET_NAME)";
				TEST_HOST = "$(BUILT_PRODUCTS_DIR)/GitterViewer.app/GitterViewer";
			};
			name = Debug;
		};
		369DC1221C5A788D00C05079 /* Release */ = {
			isa = XCBuildConfiguration;
			buildSettings = {
				BUNDLE_LOADER = "$(TEST_HOST)";
				INFOPLIST_FILE = GitterViewerTests/Info.plist;
				LD_RUNPATH_SEARCH_PATHS = "$(inherited) @executable_path/Frameworks @loader_path/Frameworks";
				PRODUCT_BUNDLE_IDENTIFIER = com.alexisdigital.GitterViewerTests;
				PRODUCT_NAME = "$(TARGET_NAME)";
				TEST_HOST = "$(BUILT_PRODUCTS_DIR)/GitterViewer.app/GitterViewer";
			};
			name = Release;
		};
/* End XCBuildConfiguration section */

/* Begin XCConfigurationList section */
		369DC0F81C5A788D00C05079 /* Build configuration list for PBXProject "GitterViewer" */ = {
			isa = XCConfigurationList;
			buildConfigurations = (
				369DC11B1C5A788D00C05079 /* Debug */,
				369DC11C1C5A788D00C05079 /* Release */,
			);
			defaultConfigurationIsVisible = 0;
			defaultConfigurationName = Release;
		};
		369DC11D1C5A788D00C05079 /* Build configuration list for PBXNativeTarget "GitterViewer" */ = {
			isa = XCConfigurationList;
			buildConfigurations = (
				369DC11E1C5A788D00C05079 /* Debug */,
				369DC11F1C5A788D00C05079 /* Release */,
			);
			defaultConfigurationIsVisible = 0;
			defaultConfigurationName = Release;
		};
		369DC1201C5A788D00C05079 /* Build configuration list for PBXNativeTarget "GitterViewerTests" */ = {
			isa = XCConfigurationList;
			buildConfigurations = (
				369DC1211C5A788D00C05079 /* Debug */,
				369DC1221C5A788D00C05079 /* Release */,
			);
			defaultConfigurationIsVisible = 0;
			defaultConfigurationName = Release;
		};
/* End XCConfigurationList section */

/* Begin XCVersionGroup section */
		369DC1071C5A788D00C05079 /* GitterViewer.xcdatamodeld */ = {
			isa = XCVersionGroup;
			children = (
				369DC1081C5A788D00C05079 /* GitterViewer.xcdatamodel */,
			);
			currentVersion = 369DC1081C5A788D00C05079 /* GitterViewer.xcdatamodel */;
			path = GitterViewer.xcdatamodeld;
			sourceTree = "<group>";
			versionGroupType = wrapper.xcdatamodel;
		};
/* End XCVersionGroup section */
	};
	rootObject = 369DC0F51C5A788D00C05079 /* Project object */;
}
